
Microsoft Visual Studio Solution File, Format Version 12.00
# Visual Studio Version 16
VisualStudioVersion = 16.0.33529.622
MinimumVisualStudioVersion = 10.0.40219.1
Project("{FAE04EC0-301F-11D3-BF4B-00C04F79EFBC}") = "Arrays e listas", "Arrays e listas\Arrays e listas.csproj", "{46ABAEDC-16DB-4138-8186-BB655BEC0C68}"
EndProject
Global
	GlobalSection(SolutionConfigurationPlatforms) = preSolution
		Debug|Any CPU = Debug|Any CPU
		Release|Any CPU = Release|Any CPU
	EndGlobalSection
	GlobalSection(ProjectConfigurationPlatforms) = postSolution
		{46ABAEDC-16DB-4138-8186-BB655BEC0C68}.Debug|Any CPU.ActiveCfg = Debug|Any CPU
		{46ABAEDC-16DB-4138-8186-BB655BEC0C68}.Debug|Any CPU.Build.0 = Debug|Any CPU
		{46ABAEDC-16DB-4138-8186-BB655BEC0C68}.Release|Any CPU.ActiveCfg = Release|Any CPU
		{46ABAEDC-16DB-4138-8186-BB655BEC0C68}.Release|Any CPU.Build.0 = Release|Any CPU
	EndGlobalSection
	GlobalSection(SolutionProperties) = preSolution
		HideSolutionNode = FALSE
	EndGlobalSection
	GlobalSection(ExtensibilityGlobals) = postSolution
		SolutionGuid = {7356385C-82CA-4CF8-994F-46B6B148A6B7}
	EndGlobalSection
EndGlobal
